// !$*UTF8*$!
{
	archiveVersion = 1;
	classes = {
	};
	objectVersion = 48;
	objects = {

/* Begin PBXBuildFile section */
		AE105B49207FF7D400C60FD2 /* ZstdKit.framework in Frameworks */ = {isa = PBXBuildFile; fileRef = AE105B3F207FF7D400C60FD2 /* ZstdKit.framework */; };
		AE105B4E207FF7D400C60FD2 /* ZstdKitTests.m in Sources */ = {isa = PBXBuildFile; fileRef = AE105B4D207FF7D400C60FD2 /* ZstdKitTests.m */; };
		AE105B50207FF7D400C60FD2 /* ZstdKit.h in Headers */ = {isa = PBXBuildFile; fileRef = AE105B42207FF7D400C60FD2 /* ZstdKit.h */; settings = {ATTRIBUTES = (Public, ); }; };
/* End PBXBuildFile section */

/* Begin PBXContainerItemProxy section */
		AE105B4A207FF7D400C60FD2 /* PBXContainerItemProxy */ = {
			isa = PBXContainerItemProxy;
			containerPortal = AE105B36207FF7D400C60FD2 /* Project object */;
			proxyType = 1;
			remoteGlobalIDString = AE105B3E207FF7D400C60FD2;
			remoteInfo = ZstdKit;
		};
/* End PBXContainerItemProxy section */

/* Begin PBXFileReference section */
		AE105B3F207FF7D400C60FD2 /* ZstdKit.framework */ = {isa = PBXFileReference; explicitFileType = wrapper.framework; includeInIndex = 0; path = ZstdKit.framework; sourceTree = BUILT_PRODUCTS_DIR; };
		AE105B42207FF7D400C60FD2 /* ZstdKit.h */ = {isa = PBXFileReference; lastKnownFileType = sourcecode.c.h; path = ZstdKit.h; sourceTree = "<group>"; };
		AE105B43207FF7D400C60FD2 /* Info.plist */ = {isa = PBXFileReference; lastKnownFileType = text.plist.xml; path = Info.plist; sourceTree = "<group>"; };
		AE105B48207FF7D400C60FD2 /* ZstdKitTests.xctest */ = {isa = PBXFileReference; explicitFileType = wrapper.cfbundle; includeInIndex = 0; path = ZstdKitTests.xctest; sourceTree = BUILT_PRODUCTS_DIR; };
		AE105B4D207FF7D400C60FD2 /* ZstdKitTests.m */ = {isa = PBXFileReference; lastKnownFileType = sourcecode.c.objc; path = ZstdKitTests.m; sourceTree = "<group>"; };
		AE105B4F207FF7D400C60FD2 /* Info.plist */ = {isa = PBXFileReference; lastKnownFileType = text.plist.xml; path = Info.plist; sourceTree = "<group>"; };
/* End PBXFileReference section */

/* Begin PBXFrameworksBuildPhase section */
		AE105B3B207FF7D400C60FD2 /* Frameworks */ = {
			isa = PBXFrameworksBuildPhase;
			buildActionMask = 2147483647;
			files = (
			);
			runOnlyForDeploymentPostprocessing = 0;
		};
		AE105B45207FF7D400C60FD2 /* Frameworks */ = {
			isa = PBXFrameworksBuildPhase;
			buildActionMask = 2147483647;
			files = (
				AE105B49207FF7D400C60FD2 /* ZstdKit.framework in Frameworks */,
			);
			runOnlyForDeploymentPostprocessing = 0;
		};
/* End PBXFrameworksBuildPhase section */

/* Begin PBXGroup section */
		AE105B35207FF7D400C60FD2 = {
			isa = PBXGroup;
			children = (
				AE105B41207FF7D400C60FD2 /* ZstdKit */,
				AE105B4C207FF7D400C60FD2 /* ZstdKitTests */,
				AE105B40207FF7D400C60FD2 /* Products */,
			);
			sourceTree = "<group>";
		};
		AE105B40207FF7D400C60FD2 /* Products */ = {
			isa = PBXGroup;
			children = (
				AE105B3F207FF7D400C60FD2 /* ZstdKit.framework */,
				AE105B48207FF7D400C60FD2 /* ZstdKitTests.xctest */,
			);
			name = Products;
			sourceTree = "<group>";
		};
		AE105B41207FF7D400C60FD2 /* ZstdKit */ = {
			isa = PBXGroup;
			children = (
				AE105B42207FF7D400C60FD2 /* ZstdKit.h */,
				AE105B43207FF7D400C60FD2 /* Info.plist */,
			);
			path = ZstdKit;
			sourceTree = "<group>";
		};
		AE105B4C207FF7D400C60FD2 /* ZstdKitTests */ = {
			isa = PBXGroup;
			children = (
				AE105B4D207FF7D400C60FD2 /* ZstdKitTests.m */,
				AE105B4F207FF7D400C60FD2 /* Info.plist */,
			);
			path = ZstdKitTests;
			sourceTree = "<group>";
		};
/* End PBXGroup section */

/* Begin PBXHeadersBuildPhase section */
		AE105B3C207FF7D400C60FD2 /* Headers */ = {
			isa = PBXHeadersBuildPhase;
			buildActionMask = 2147483647;
			files = (
				AE105B50207FF7D400C60FD2 /* ZstdKit.h in Headers */,
			);
			runOnlyForDeploymentPostprocessing = 0;
		};
/* End PBXHeadersBuildPhase section */

/* Begin PBXNativeTarget section */
		AE105B3E207FF7D400C60FD2 /* ZstdKit */ = {
			isa = PBXNativeTarget;
			buildConfigurationList = AE105B53207FF7D400C60FD2 /* Build configuration list for PBXNativeTarget "ZstdKit" */;
			buildPhases = (
				AE105B3A207FF7D400C60FD2 /* Sources */,
				AE105B3B207FF7D400C60FD2 /* Frameworks */,
				AE105B3C207FF7D400C60FD2 /* Headers */,
				AE105B3D207FF7D400C60FD2 /* Resources */,
			);
			buildRules = (
			);
			dependencies = (
			);
			name = ZstdKit;
			productName = ZstdKit;
			productReference = AE105B3F207FF7D400C60FD2 /* ZstdKit.framework */;
			productType = "com.apple.product-type.framework";
		};
		AE105B47207FF7D400C60FD2 /* ZstdKitTests */ = {
			isa = PBXNativeTarget;
			buildConfigurationList = AE105B56207FF7D400C60FD2 /* Build configuration list for PBXNativeTarget "ZstdKitTests" */;
			buildPhases = (
				AE105B44207FF7D400C60FD2 /* Sources */,
				AE105B45207FF7D400C60FD2 /* Frameworks */,
				AE105B46207FF7D400C60FD2 /* Resources */,
			);
			buildRules = (
			);
			dependencies = (
				AE105B4B207FF7D400C60FD2 /* PBXTargetDependency */,
			);
			name = ZstdKitTests;
			productName = ZstdKitTests;
			productReference = AE105B48207FF7D400C60FD2 /* ZstdKitTests.xctest */;
			productType = "com.apple.product-type.bundle.unit-test";
		};
/* End PBXNativeTarget section */

/* Begin PBXProject section */
		AE105B36207FF7D400C60FD2 /* Project object */ = {
			isa = PBXProject;
			attributes = {
				LastUpgradeCheck = 0920;
				ORGANIZATIONNAME = Paw;
				TargetAttributes = {
					AE105B3E207FF7D400C60FD2 = {
						CreatedOnToolsVersion = 9.2;
						ProvisioningStyle = Automatic;
					};
					AE105B47207FF7D400C60FD2 = {
						CreatedOnToolsVersion = 9.2;
						ProvisioningStyle = Automatic;
					};
				};
			};
			buildConfigurationList = AE105B39207FF7D400C60FD2 /* Build configuration list for PBXProject "ZstdKit" */;
			compatibilityVersion = "Xcode 8.0";
			developmentRegion = en;
			hasScannedForEncodings = 0;
			knownRegions = (
				en,
			);
			mainGroup = AE105B35207FF7D400C60FD2;
			productRefGroup = AE105B40207FF7D400C60FD2 /* Products */;
			projectDirPath = "";
			projectRoot = "";
			targets = (
				AE105B3E207FF7D400C60FD2 /* ZstdKit */,
				AE105B47207FF7D400C60FD2 /* ZstdKitTests */,
			);
		};
/* End PBXProject section */

/* Begin PBXResourcesBuildPhase section */
		AE105B3D207FF7D400C60FD2 /* Resources */ = {
			isa = PBXResourcesBuildPhase;
			buildActionMask = 2147483647;
			files = (
			);
			runOnlyForDeploymentPostprocessing = 0;
		};
		AE105B46207FF7D400C60FD2 /* Resources */ = {
			isa = PBXResourcesBuildPhase;
			buildActionMask = 2147483647;
			files = (
			);
			runOnlyForDeploymentPostprocessing = 0;
		};
/* End PBXResourcesBuildPhase section */

/* Begin PBXSourcesBuildPhase section */
		AE105B3A207FF7D400C60FD2 /* Sources */ = {
			isa = PBXSourcesBuildPhase;
			buildActionMask = 2147483647;
			files = (
			);
			runOnlyForDeploymentPostprocessing = 0;
		};
		AE105B44207FF7D400C60FD2 /* Sources */ = {
			isa = PBXSourcesBuildPhase;
			buildActionMask = 2147483647;
			files = (
				AE105B4E207FF7D400C60FD2 /* ZstdKitTests.m in Sources */,
			);
			runOnlyForDeploymentPostprocessing = 0;
		};
/* End PBXSourcesBuildPhase section */

/* Begin PBXTargetDependency section */
		AE105B4B207FF7D400C60FD2 /* PBXTargetDependency */ = {
			isa = PBXTargetDependency;
			target = AE105B3E207FF7D400C60FD2 /* ZstdKit */;
			targetProxy = AE105B4A207FF7D400C60FD2 /* PBXContainerItemProxy */;
		};
/* End PBXTargetDependency section */

/* Begin XCBuildConfiguration section */
		AE105B51207FF7D400C60FD2 /* Debug */ = {
			isa = XCBuildConfiguration;
			buildSettings = {
				ALWAYS_SEARCH_USER_PATHS = NO;
				CLANG_ANALYZER_NONNULL = YES;
				CLANG_ANALYZER_NUMBER_OBJECT_CONVERSION = YES_AGGRESSIVE;
				CLANG_CXX_LANGUAGE_STANDARD = "gnu++14";
				CLANG_CXX_LIBRARY = "libc++";
				CLANG_ENABLE_MODULES = YES;
				CLANG_ENABLE_OBJC_ARC = YES;
				CLANG_WARN_BLOCK_CAPTURE_AUTORELEASING = YES;
				CLANG_WARN_BOOL_CONVERSION = YES;
				CLANG_WARN_COMMA = YES;
				CLANG_WARN_CONSTANT_CONVERSION = YES;
				CLANG_WARN_DIRECT_OBJC_ISA_USAGE = YES_ERROR;
				CLANG_WARN_DOCUMENTATION_COMMENTS = YES;
				CLANG_WARN_EMPTY_BODY = YES;
				CLANG_WARN_ENUM_CONVERSION = YES;
				CLANG_WARN_INFINITE_RECURSION = YES;
				CLANG_WARN_INT_CONVERSION = YES;
				CLANG_WARN_NON_LITERAL_NULL_CONVERSION = YES;
				CLANG_WARN_OBJC_LITERAL_CONVERSION = YES;
				CLANG_WARN_OBJC_ROOT_CLASS = YES_ERROR;
				CLANG_WARN_RANGE_LOOP_ANALYSIS = YES;
				CLANG_WARN_STRICT_PROTOTYPES = YES;
				CLANG_WARN_SUSPICIOUS_MOVE = YES;
				CLANG_WARN_UNGUARDED_AVAILABILITY = YES_AGGRESSIVE;
				CLANG_WARN_UNREACHABLE_CODE = YES;
				CLANG_WARN__DUPLICATE_METHOD_MATCH = YES;
				CODE_SIGN_IDENTITY = "-";
				COPY_PHASE_STRIP = NO;
				CURRENT_PROJECT_VERSION = 1;
				DEBUG_INFORMATION_FORMAT = dwarf;
				ENABLE_STRICT_OBJC_MSGSEND = YES;
				ENABLE_TESTABILITY = YES;
				GCC_C_LANGUAGE_STANDARD = gnu11;
				GCC_DYNAMIC_NO_PIC = NO;
				GCC_NO_COMMON_BLOCKS = YES;
				GCC_OPTIMIZATION_LEVEL = 0;
				GCC_PREPROCESSOR_DEFINITIONS = (
					"DEBUG=1",
					"$(inherited)",
				);
				GCC_WARN_64_TO_32_BIT_CONVERSION = YES;
				GCC_WARN_ABOUT_RETURN_TYPE = YES_ERROR;
				GCC_WARN_UNDECLARED_SELECTOR = YES;
				GCC_WARN_UNINITIALIZED_AUTOS = YES_AGGRESSIVE;
				GCC_WARN_UNUSED_FUNCTION = YES;
				GCC_WARN_UNUSED_VARIABLE = YES;
				MACOSX_DEPLOYMENT_TARGET = 10.12;
				MTL_ENABLE_DEBUG_INFO = YES;
				ONLY_ACTIVE_ARCH = YES;
				SDKROOT = macosx;
				VERSIONING_SYSTEM = "apple-generic";
				VERSION_INFO_PREFIX = "";
			};
			name = Debug;
		};
		AE105B52207FF7D400C60FD2 /* Release */ = {
			isa = XCBuildConfiguration;
			buildSettings = {
				ALWAYS_SEARCH_USER_PATHS = NO;
				CLANG_ANALYZER_NONNULL = YES;
				CLANG_ANALYZER_NUMBER_OBJECT_CONVERSION = YES_AGGRESSIVE;
				CLANG_CXX_LANGUAGE_STANDARD = "gnu++14";
				CLANG_CXX_LIBRARY = "libc++";
				CLANG_ENABLE_MODULES = YES;
				CLANG_ENABLE_OBJC_ARC = YES;
				CLANG_WARN_BLOCK_CAPTURE_AUTORELEASING = YES;
				CLANG_WARN_BOOL_CONVERSION = YES;
				CLANG_WARN_COMMA = YES;
				CLANG_WARN_CONSTANT_CONVERSION = YES;
				CLANG_WARN_DIRECT_OBJC_ISA_USAGE = YES_ERROR;
				CLANG_WARN_DOCUMENTATION_COMMENTS = YES;
				CLANG_WARN_EMPTY_BODY = YES;
				CLANG_WARN_ENUM_CONVERSION = YES;
				CLANG_WARN_INFINITE_RECURSION = YES;
				CLANG_WARN_INT_CONVERSION = YES;
				CLANG_WARN_NON_LITERAL_NULL_CONVERSION = YES;
				CLANG_WARN_OBJC_LITERAL_CONVERSION = YES;
				CLANG_WARN_OBJC_ROOT_CLASS = YES_ERROR;
				CLANG_WARN_RANGE_LOOP_ANALYSIS = YES;
				CLANG_WARN_STRICT_PROTOTYPES = YES;
				CLANG_WARN_SUSPICIOUS_MOVE = YES;
				CLANG_WARN_UNGUARDED_AVAILABILITY = YES_AGGRESSIVE;
				CLANG_WARN_UNREACHABLE_CODE = YES;
				CLANG_WARN__DUPLICATE_METHOD_MATCH = YES;
				CODE_SIGN_IDENTITY = "-";
				COPY_PHASE_STRIP = NO;
				CURRENT_PROJECT_VERSION = 1;
				DEBUG_INFORMATION_FORMAT = "dwarf-with-dsym";
				ENABLE_NS_ASSERTIONS = NO;
				ENABLE_STRICT_OBJC_MSGSEND = YES;
				GCC_C_LANGUAGE_STANDARD = gnu11;
				GCC_NO_COMMON_BLOCKS = YES;
				GCC_WARN_64_TO_32_BIT_CONVERSION = YES;
				GCC_WARN_ABOUT_RETURN_TYPE = YES_ERROR;
				GCC_WARN_UNDECLARED_SELECTOR = YES;
				GCC_WARN_UNINITIALIZED_AUTOS = YES_AGGRESSIVE;
				GCC_WARN_UNUSED_FUNCTION = YES;
				GCC_WARN_UNUSED_VARIABLE = YES;
				MACOSX_DEPLOYMENT_TARGET = 10.12;
				MTL_ENABLE_DEBUG_INFO = NO;
				SDKROOT = macosx;
				VERSIONING_SYSTEM = "apple-generic";
				VERSION_INFO_PREFIX = "";
			};
			name = Release;
		};
		AE105B54207FF7D400C60FD2 /* Debug */ = {
			isa = XCBuildConfiguration;
			buildSettings = {
				CODE_SIGN_IDENTITY = "";
				CODE_SIGN_STYLE = Automatic;
				COMBINE_HIDPI_IMAGES = YES;
				DEFINES_MODULE = YES;
				DYLIB_COMPATIBILITY_VERSION = 1;
				DYLIB_CURRENT_VERSION = 1;
				DYLIB_INSTALL_NAME_BASE = "@rpath";
				FRAMEWORK_VERSION = A;
				INFOPLIST_FILE = ZstdKit/Info.plist;
				INSTALL_PATH = "$(LOCAL_LIBRARY_DIR)/Frameworks";
				LD_RUNPATH_SEARCH_PATHS = "$(inherited) @executable_path/../Frameworks @loader_path/Frameworks";
				PRODUCT_BUNDLE_IDENTIFIER = com.luckymarmot.ZstdKit;
				PRODUCT_NAME = "$(TARGET_NAME:c99extidentifier)";
				SKIP_INSTALL = YES;
			};
			name = Debug;
		};
		AE105B55207FF7D400C60FD2 /* Release */ = {
			isa = XCBuildConfiguration;
			buildSettings = {
				CODE_SIGN_IDENTITY = "";
				CODE_SIGN_STYLE = Automatic;
				COMBINE_HIDPI_IMAGES = YES;
				DEFINES_MODULE = YES;
				DYLIB_COMPATIBILITY_VERSION = 1;
				DYLIB_CURRENT_VERSION = 1;
				DYLIB_INSTALL_NAME_BASE = "@rpath";
				FRAMEWORK_VERSION = A;
				INFOPLIST_FILE = ZstdKit/Info.plist;
				INSTALL_PATH = "$(LOCAL_LIBRARY_DIR)/Frameworks";
				LD_RUNPATH_SEARCH_PATHS = "$(inherited) @executable_path/../Frameworks @loader_path/Frameworks";
				PRODUCT_BUNDLE_IDENTIFIER = com.luckymarmot.ZstdKit;
				PRODUCT_NAME = "$(TARGET_NAME:c99extidentifier)";
				SKIP_INSTALL = YES;
			};
			name = Release;
		};
		AE105B57207FF7D400C60FD2 /* Debug */ = {
			isa = XCBuildConfiguration;
			buildSettings = {
				CODE_SIGN_STYLE = Automatic;
				COMBINE_HIDPI_IMAGES = YES;
				INFOPLIST_FILE = ZstdKitTests/Info.plist;
				LD_RUNPATH_SEARCH_PATHS = "$(inherited) @executable_path/../Frameworks @loader_path/../Frameworks";
				PRODUCT_BUNDLE_IDENTIFIER = com.luckymarmot.ZstdKitTests;
				PRODUCT_NAME = "$(TARGET_NAME)";
			};
			name = Debug;
		};
		AE105B58207FF7D400C60FD2 /* Release */ = {
			isa = XCBuildConfiguration;
			buildSettings = {
				CODE_SIGN_STYLE = Automatic;
				COMBINE_HIDPI_IMAGES = YES;
				INFOPLIST_FILE = ZstdKitTests/Info.plist;
				LD_RUNPATH_SEARCH_PATHS = "$(inherited) @executable_path/../Frameworks @loader_path/../Frameworks";
				PRODUCT_BUNDLE_IDENTIFIER = com.luckymarmot.ZstdKitTests;
				PRODUCT_NAME = "$(TARGET_NAME)";
			};
			name = Release;
		};
/* End XCBuildConfiguration section */

/* Begin XCConfigurationList section */
		AE105B39207FF7D400C60FD2 /* Build configuration list for PBXProject "ZstdKit" */ = {
			isa = XCConfigurationList;
			buildConfigurations = (
				AE105B51207FF7D400C60FD2 /* Debug */,
				AE105B52207FF7D400C60FD2 /* Release */,
			);
			defaultConfigurationIsVisible = 0;
			defaultConfigurationName = Release;
		};
		AE105B53207FF7D400C60FD2 /* Build configuration list for PBXNativeTarget "ZstdKit" */ = {
			isa = XCConfigurationList;
			buildConfigurations = (
				AE105B54207FF7D400C60FD2 /* Debug */,
				AE105B55207FF7D400C60FD2 /* Release */,
			);
			defaultConfigurationIsVisible = 0;
			defaultConfigurationName = Release;
		};
		AE105B56207FF7D400C60FD2 /* Build configuration list for PBXNativeTarget "ZstdKitTests" */ = {
			isa = XCConfigurationList;
			buildConfigurations = (
				AE105B57207FF7D400C60FD2 /* Debug */,
				AE105B58207FF7D400C60FD2 /* Release */,
			);
			defaultConfigurationIsVisible = 0;
			defaultConfigurationName = Release;
		};
/* End XCConfigurationList section */
	};
	rootObject = AE105B36207FF7D400C60FD2 /* Project object */;
}
